
Microsoft Visual Studio Solution File, Format Version 12.00
# Visual Studio Version 17
VisualStudioVersion = 17.7.34221.43
MinimumVisualStudioVersion = 10.0.40219.1
Project("{9A19103F-16F7-4668-BE54-9A1E7A4F7556}") = "MaziStore.ApiServer.Home", "MaziStore.ApiServer.Home\MaziStore.ApiServer.Home.csproj", "{E4E8956C-B666-43D1-AADC-DB01E14C5109}"
EndProject
Project("{9A19103F-16F7-4668-BE54-9A1E7A4F7556}") = "MaziStore.Module.Infrastructure", "MaziStore.Module.Infrastructure\MaziStore.Module.Infrastructure.csproj", "{8A70D0F8-AAE2-4D81-99E8-7948BD088505}"
EndProject
Project("{2150E333-8FDC-42A3-9474-1A3956D46DE8}") = "Modules", "Modules", "{3126DCF2-2975-4E9D-8252-7254D41A5AC3}"
EndProject
Project("{9A19103F-16F7-4668-BE54-9A1E7A4F7556}") = "MaziStore.Module.Core", "Modules\MaziStore.Module.Core\MaziStore.Module.Core.csproj", "{7C2A7A6D-863E-48E7-ADA6-C4D5CC7A8101}"
EndProject
Project("{9A19103F-16F7-4668-BE54-9A1E7A4F7556}") = "MaziStore.Module.SampleData", "Modules\MaziStore.Module.SampleData\MaziStore.Module.SampleData.csproj", "{BDCC5F01-8361-4819-8531-814BCE4FA438}"
EndProject
Project("{9A19103F-16F7-4668-BE54-9A1E7A4F7556}") = "MaziStore.Module.StorageLocal", "Modules\MaziStore.Module.StorageLocal\MaziStore.Module.StorageLocal.csproj", "{42A16988-96F9-415F-8717-38E0C0078D35}"
EndProject
Project("{9A19103F-16F7-4668-BE54-9A1E7A4F7556}") = "MaziStore.Module.Cms", "MaziStore.Module.Cms\MaziStore.Module.Cms.csproj", "{274F7C7B-A4A3-48CD-A9DC-E1E59A74D602}"
EndProject
Project("{9A19103F-16F7-4668-BE54-9A1E7A4F7556}") = "MaziStore.Module.ShoppingCart", "Modules\MaziStore.Module.ShoppingCart\MaziStore.Module.ShoppingCart.csproj", "{895EBBB7-55E2-4EA3-9001-1E90E96E1A1A}"
EndProject
Project("{9A19103F-16F7-4668-BE54-9A1E7A4F7556}") = "MaziStore.Module.Catalog", "Modules\MaziStore.Module.Catalog\MaziStore.Module.Catalog.csproj", "{49D03B4B-7231-4478-ACEA-F436D6B8CE20}"
EndProject
Project("{9A19103F-16F7-4668-BE54-9A1E7A4F7556}") = "MaziStore.Module.Tax", "Modules\MaziStore.Module.Tax\MaziStore.Module.Tax.csproj", "{B30C256B-5BD9-4136-AA42-4C044DDF1293}"
EndProject
Project("{9A19103F-16F7-4668-BE54-9A1E7A4F7556}") = "MaziStore.Module.Payments", "Modules\MaziStore.Module.Payments\MaziStore.Module.Payments.csproj", "{2398301D-F57F-4D85-99DB-3A124FA04455}"
EndProject
Project("{9A19103F-16F7-4668-BE54-9A1E7A4F7556}") = "MaziStore.Module.Orders", "Modules\MaziStore.Module.Order\MaziStore.Module.Orders.csproj", "{931BF447-71A4-472E-AEFB-0111739D059F}"
EndProject
Project("{FAE04EC0-301F-11D3-BF4B-00C04F79EFBC}") = "MaziStore.Module.Shipments", "Modules\MaziStore.Module.Shipments\MaziStore.Module.Shipments.csproj", "{D60DE320-40A8-4488-9A44-CC3D9EFD1ECC}"
EndProject
Project("{FAE04EC0-301F-11D3-BF4B-00C04F79EFBC}") = "MaziStore.Module.Inventory", "Modules\MaziStore.Module.Inventory\MaziStore.Module.Inventory.csproj", "{1A8F5DB6-AA2D-441A-9D23-008793EBC84C}"
EndProject
Project("{FAE04EC0-301F-11D3-BF4B-00C04F79EFBC}") = "MaziStore.Module.Pricing", "Modules\MaziStore.Module.Pricing\MaziStore.Module.Pricing.csproj", "{90D0582D-2698-46CA-88AB-4E636AF25CC8}"
EndProject
Project("{FAE04EC0-301F-11D3-BF4B-00C04F79EFBC}") = "MaziStore.Module.ProductComparison", "Modules\MaziStore.Module.ProductComparison\MaziStore.Module.ProductComparison.csproj", "{FA5E7567-A0DD-46F5-A46A-7CC211955D6F}"
EndProject
Project("{FAE04EC0-301F-11D3-BF4B-00C04F79EFBC}") = "MaziStore.Module.News", "Modules\MaziStore.Module.News\MaziStore.Module.News.csproj", "{17A16BED-4516-4EBA-B052-294C09659E9F}"
EndProject
Project("{FAE04EC0-301F-11D3-BF4B-00C04F79EFBC}") = "MaziStore.Module.Reviews", "Modules\MaziStore.Module.Reviews\MaziStore.Module.Reviews.csproj", "{2B1D409B-4845-498D-85E8-FC10D8EAD6A8}"
EndProject
Global
	GlobalSection(SolutionConfigurationPlatforms) = preSolution
		Debug|Any CPU = Debug|Any CPU
		Release|Any CPU = Release|Any CPU
	EndGlobalSection
	GlobalSection(ProjectConfigurationPlatforms) = postSolution
		{E4E8956C-B666-43D1-AADC-DB01E14C5109}.Debug|Any CPU.ActiveCfg = Debug|Any CPU
		{E4E8956C-B666-43D1-AADC-DB01E14C5109}.Debug|Any CPU.Build.0 = Debug|Any CPU
		{E4E8956C-B666-43D1-AADC-DB01E14C5109}.Release|Any CPU.ActiveCfg = Release|Any CPU
		{E4E8956C-B666-43D1-AADC-DB01E14C5109}.Release|Any CPU.Build.0 = Release|Any CPU
		{8A70D0F8-AAE2-4D81-99E8-7948BD088505}.Debug|Any CPU.ActiveCfg = Debug|Any CPU
		{8A70D0F8-AAE2-4D81-99E8-7948BD088505}.Debug|Any CPU.Build.0 = Debug|Any CPU
		{8A70D0F8-AAE2-4D81-99E8-7948BD088505}.Release|Any CPU.ActiveCfg = Release|Any CPU
		{8A70D0F8-AAE2-4D81-99E8-7948BD088505}.Release|Any CPU.Build.0 = Release|Any CPU
		{7C2A7A6D-863E-48E7-ADA6-C4D5CC7A8101}.Debug|Any CPU.ActiveCfg = Debug|Any CPU
		{7C2A7A6D-863E-48E7-ADA6-C4D5CC7A8101}.Debug|Any CPU.Build.0 = Debug|Any CPU
		{7C2A7A6D-863E-48E7-ADA6-C4D5CC7A8101}.Release|Any CPU.ActiveCfg = Release|Any CPU
		{7C2A7A6D-863E-48E7-ADA6-C4D5CC7A8101}.Release|Any CPU.Build.0 = Release|Any CPU
		{BDCC5F01-8361-4819-8531-814BCE4FA438}.Debug|Any CPU.ActiveCfg = Debug|Any CPU
		{BDCC5F01-8361-4819-8531-814BCE4FA438}.Debug|Any CPU.Build.0 = Debug|Any CPU
		{BDCC5F01-8361-4819-8531-814BCE4FA438}.Release|Any CPU.ActiveCfg = Release|Any CPU
		{BDCC5F01-8361-4819-8531-814BCE4FA438}.Release|Any CPU.Build.0 = Release|Any CPU
		{42A16988-96F9-415F-8717-38E0C0078D35}.Debug|Any CPU.ActiveCfg = Debug|Any CPU
		{42A16988-96F9-415F-8717-38E0C0078D35}.Debug|Any CPU.Build.0 = Debug|Any CPU
		{42A16988-96F9-415F-8717-38E0C0078D35}.Release|Any CPU.ActiveCfg = Release|Any CPU
		{42A16988-96F9-415F-8717-38E0C0078D35}.Release|Any CPU.Build.0 = Release|Any CPU
		{274F7C7B-A4A3-48CD-A9DC-E1E59A74D602}.Debug|Any CPU.ActiveCfg = Debug|Any CPU
		{274F7C7B-A4A3-48CD-A9DC-E1E59A74D602}.Debug|Any CPU.Build.0 = Debug|Any CPU
		{274F7C7B-A4A3-48CD-A9DC-E1E59A74D602}.Release|Any CPU.ActiveCfg = Release|Any CPU
		{274F7C7B-A4A3-48CD-A9DC-E1E59A74D602}.Release|Any CPU.Build.0 = Release|Any CPU
		{895EBBB7-55E2-4EA3-9001-1E90E96E1A1A}.Debug|Any CPU.ActiveCfg = Debug|Any CPU
		{895EBBB7-55E2-4EA3-9001-1E90E96E1A1A}.Debug|Any CPU.Build.0 = Debug|Any CPU
		{895EBBB7-55E2-4EA3-9001-1E90E96E1A1A}.Release|Any CPU.ActiveCfg = Release|Any CPU
		{895EBBB7-55E2-4EA3-9001-1E90E96E1A1A}.Release|Any CPU.Build.0 = Release|Any CPU
		{49D03B4B-7231-4478-ACEA-F436D6B8CE20}.Debug|Any CPU.ActiveCfg = Debug|Any CPU
		{49D03B4B-7231-4478-ACEA-F436D6B8CE20}.Debug|Any CPU.Build.0 = Debug|Any CPU
		{49D03B4B-7231-4478-ACEA-F436D6B8CE20}.Release|Any CPU.ActiveCfg = Release|Any CPU
		{49D03B4B-7231-4478-ACEA-F436D6B8CE20}.Release|Any CPU.Build.0 = Release|Any CPU
		{B30C256B-5BD9-4136-AA42-4C044DDF1293}.Debug|Any CPU.ActiveCfg = Debug|Any CPU
		{B30C256B-5BD9-4136-AA42-4C044DDF1293}.Debug|Any CPU.Build.0 = Debug|Any CPU
		{B30C256B-5BD9-4136-AA42-4C044DDF1293}.Release|Any CPU.ActiveCfg = Release|Any CPU
		{B30C256B-5BD9-4136-AA42-4C044DDF1293}.Release|Any CPU.Build.0 = Release|Any CPU
		{2398301D-F57F-4D85-99DB-3A124FA04455}.Debug|Any CPU.ActiveCfg = Debug|Any CPU
		{2398301D-F57F-4D85-99DB-3A124FA04455}.Debug|Any CPU.Build.0 = Debug|Any CPU
		{2398301D-F57F-4D85-99DB-3A124FA04455}.Release|Any CPU.ActiveCfg = Release|Any CPU
		{2398301D-F57F-4D85-99DB-3A124FA04455}.Release|Any CPU.Build.0 = Release|Any CPU
		{931BF447-71A4-472E-AEFB-0111739D059F}.Debug|Any CPU.ActiveCfg = Debug|Any CPU
		{931BF447-71A4-472E-AEFB-0111739D059F}.Debug|Any CPU.Build.0 = Debug|Any CPU
		{931BF447-71A4-472E-AEFB-0111739D059F}.Release|Any CPU.ActiveCfg = Release|Any CPU
		{931BF447-71A4-472E-AEFB-0111739D059F}.Release|Any CPU.Build.0 = Release|Any CPU
		{D60DE320-40A8-4488-9A44-CC3D9EFD1ECC}.Debug|Any CPU.ActiveCfg = Debug|Any CPU
		{D60DE320-40A8-4488-9A44-CC3D9EFD1ECC}.Debug|Any CPU.Build.0 = Debug|Any CPU
		{D60DE320-40A8-4488-9A44-CC3D9EFD1ECC}.Release|Any CPU.ActiveCfg = Release|Any CPU
		{D60DE320-40A8-4488-9A44-CC3D9EFD1ECC}.Release|Any CPU.Build.0 = Release|Any CPU
		{1A8F5DB6-AA2D-441A-9D23-008793EBC84C}.Debug|Any CPU.ActiveCfg = Debug|Any CPU
		{1A8F5DB6-AA2D-441A-9D23-008793EBC84C}.Debug|Any CPU.Build.0 = Debug|Any CPU
		{1A8F5DB6-AA2D-441A-9D23-008793EBC84C}.Release|Any CPU.ActiveCfg = Release|Any CPU
		{1A8F5DB6-AA2D-441A-9D23-008793EBC84C}.Release|Any CPU.Build.0 = Release|Any CPU
		{90D0582D-2698-46CA-88AB-4E636AF25CC8}.Debug|Any CPU.ActiveCfg = Debug|Any CPU
		{90D0582D-2698-46CA-88AB-4E636AF25CC8}.Debug|Any CPU.Build.0 = Debug|Any CPU
		{90D0582D-2698-46CA-88AB-4E636AF25CC8}.Release|Any CPU.ActiveCfg = Release|Any CPU
		{90D0582D-2698-46CA-88AB-4E636AF25CC8}.Release|Any CPU.Build.0 = Release|Any CPU
		{FA5E7567-A0DD-46F5-A46A-7CC211955D6F}.Debug|Any CPU.ActiveCfg = Debug|Any CPU
		{FA5E7567-A0DD-46F5-A46A-7CC211955D6F}.Debug|Any CPU.Build.0 = Debug|Any CPU
		{FA5E7567-A0DD-46F5-A46A-7CC211955D6F}.Release|Any CPU.ActiveCfg = Release|Any CPU
		{FA5E7567-A0DD-46F5-A46A-7CC211955D6F}.Release|Any CPU.Build.0 = Release|Any CPU
		{17A16BED-4516-4EBA-B052-294C09659E9F}.Debug|Any CPU.ActiveCfg = Debug|Any CPU
		{17A16BED-4516-4EBA-B052-294C09659E9F}.Debug|Any CPU.Build.0 = Debug|Any CPU
		{17A16BED-4516-4EBA-B052-294C09659E9F}.Release|Any CPU.ActiveCfg = Release|Any CPU
		{17A16BED-4516-4EBA-B052-294C09659E9F}.Release|Any CPU.Build.0 = Release|Any CPU
		{2B1D409B-4845-498D-85E8-FC10D8EAD6A8}.Debug|Any CPU.ActiveCfg = Debug|Any CPU
		{2B1D409B-4845-498D-85E8-FC10D8EAD6A8}.Debug|Any CPU.Build.0 = Debug|Any CPU
		{2B1D409B-4845-498D-85E8-FC10D8EAD6A8}.Release|Any CPU.ActiveCfg = Release|Any CPU
		{2B1D409B-4845-498D-85E8-FC10D8EAD6A8}.Release|Any CPU.Build.0 = Release|Any CPU
	EndGlobalSection
	GlobalSection(SolutionProperties) = preSolution
		HideSolutionNode = FALSE
	EndGlobalSection
	GlobalSection(NestedProjects) = preSolution
		{7C2A7A6D-863E-48E7-ADA6-C4D5CC7A8101} = {3126DCF2-2975-4E9D-8252-7254D41A5AC3}
		{BDCC5F01-8361-4819-8531-814BCE4FA438} = {3126DCF2-2975-4E9D-8252-7254D41A5AC3}
		{42A16988-96F9-415F-8717-38E0C0078D35} = {3126DCF2-2975-4E9D-8252-7254D41A5AC3}
		{274F7C7B-A4A3-48CD-A9DC-E1E59A74D602} = {3126DCF2-2975-4E9D-8252-7254D41A5AC3}
		{895EBBB7-55E2-4EA3-9001-1E90E96E1A1A} = {3126DCF2-2975-4E9D-8252-7254D41A5AC3}
		{49D03B4B-7231-4478-ACEA-F436D6B8CE20} = {3126DCF2-2975-4E9D-8252-7254D41A5AC3}
		{B30C256B-5BD9-4136-AA42-4C044DDF1293} = {3126DCF2-2975-4E9D-8252-7254D41A5AC3}
		{2398301D-F57F-4D85-99DB-3A124FA04455} = {3126DCF2-2975-4E9D-8252-7254D41A5AC3}
		{931BF447-71A4-472E-AEFB-0111739D059F} = {3126DCF2-2975-4E9D-8252-7254D41A5AC3}
		{D60DE320-40A8-4488-9A44-CC3D9EFD1ECC} = {3126DCF2-2975-4E9D-8252-7254D41A5AC3}
		{1A8F5DB6-AA2D-441A-9D23-008793EBC84C} = {3126DCF2-2975-4E9D-8252-7254D41A5AC3}
		{90D0582D-2698-46CA-88AB-4E636AF25CC8} = {3126DCF2-2975-4E9D-8252-7254D41A5AC3}
		{FA5E7567-A0DD-46F5-A46A-7CC211955D6F} = {3126DCF2-2975-4E9D-8252-7254D41A5AC3}
		{17A16BED-4516-4EBA-B052-294C09659E9F} = {3126DCF2-2975-4E9D-8252-7254D41A5AC3}
		{2B1D409B-4845-498D-85E8-FC10D8EAD6A8} = {3126DCF2-2975-4E9D-8252-7254D41A5AC3}
	EndGlobalSection
	GlobalSection(ExtensibilityGlobals) = postSolution
		SolutionGuid = {81EDFFF2-B388-4705-A7F9-3E242D4B4AF9}
	EndGlobalSection
EndGlobal
